// !$*UTF8*$!
{
	archiveVersion = 1;
	classes = {
	};
	objectVersion = 50;
	objects = {

/* Begin PBXBuildFile section */
		A353193E24DAFA8700210729 /* AppDelegate.swift in Sources */ = {isa = PBXBuildFile; fileRef = A353193D24DAFA8700210729 /* AppDelegate.swift */; };
		A353194024DAFA8700210729 /* SceneDelegate.swift in Sources */ = {isa = PBXBuildFile; fileRef = A353193F24DAFA8700210729 /* SceneDelegate.swift */; };
		A353194A24DAFA8C00210729 /* Assets.xcassets in Resources */ = {isa = PBXBuildFile; fileRef = A353194924DAFA8C00210729 /* Assets.xcassets */; };
		A353194D24DAFA8C00210729 /* LaunchScreen.storyboard in Resources */ = {isa = PBXBuildFile; fileRef = A353194B24DAFA8C00210729 /* LaunchScreen.storyboard */; };
		A353195824DAFC9600210729 /* CalculatorBrain.swift in Sources */ = {isa = PBXBuildFile; fileRef = A353195724DAFC9600210729 /* CalculatorBrain.swift */; };
		A353195A24DAFCAB00210729 /* BMI.swift in Sources */ = {isa = PBXBuildFile; fileRef = A353195924DAFCAB00210729 /* BMI.swift */; };
		A353195C24DAFCC600210729 /* ResultViewController.swift in Sources */ = {isa = PBXBuildFile; fileRef = A353195B24DAFCC600210729 /* ResultViewController.swift */; };
		A353195E24DAFCDF00210729 /* CalculateViewController.swift in Sources */ = {isa = PBXBuildFile; fileRef = A353195D24DAFCDF00210729 /* CalculateViewController.swift */; };
		A353196024DAFDA400210729 /* Main.storyboard in Resources */ = {isa = PBXBuildFile; fileRef = A353195F24DAFDA400210729 /* Main.storyboard */; };
/* End PBXBuildFile section */

/* Begin PBXFileReference section */
		A353193A24DAFA8700210729 /* BMI Calculator.app */ = {isa = PBXFileReference; explicitFileType = wrapper.application; includeInIndex = 0; path = "BMI Calculator.app"; sourceTree = BUILT_PRODUCTS_DIR; };
		A353193D24DAFA8700210729 /* AppDelegate.swift */ = {isa = PBXFileReference; lastKnownFileType = sourcecode.swift; path = AppDelegate.swift; sourceTree = "<group>"; };
		A353193F24DAFA8700210729 /* SceneDelegate.swift */ = {isa = PBXFileReference; lastKnownFileType = sourcecode.swift; path = SceneDelegate.swift; sourceTree = "<group>"; };
		A353194924DAFA8C00210729 /* Assets.xcassets */ = {isa = PBXFileReference; lastKnownFileType = folder.assetcatalog; path = Assets.xcassets; sourceTree = "<group>"; };
		A353194C24DAFA8C00210729 /* Base */ = {isa = PBXFileReference; lastKnownFileType = file.storyboard; name = Base; path = Base.lproj/LaunchScreen.storyboard; sourceTree = "<group>"; };
		A353194E24DAFA8C00210729 /* Info.plist */ = {isa = PBXFileReference; lastKnownFileType = text.plist.xml; path = Info.plist; sourceTree = "<group>"; };
		A353195724DAFC9600210729 /* CalculatorBrain.swift */ = {isa = PBXFileReference; lastKnownFileType = sourcecode.swift; path = CalculatorBrain.swift; sourceTree = "<group>"; };
		A353195924DAFCAB00210729 /* BMI.swift */ = {isa = PBXFileReference; lastKnownFileType = sourcecode.swift; path = BMI.swift; sourceTree = "<group>"; };
		A353195B24DAFCC600210729 /* ResultViewController.swift */ = {isa = PBXFileReference; lastKnownFileType = sourcecode.swift; path = ResultViewController.swift; sourceTree = "<group>"; };
		A353195D24DAFCDF00210729 /* CalculateViewController.swift */ = {isa = PBXFileReference; lastKnownFileType = sourcecode.swift; path = CalculateViewController.swift; sourceTree = "<group>"; };
		A353195F24DAFDA400210729 /* Main.storyboard */ = {isa = PBXFileReference; fileEncoding = 4; lastKnownFileType = file.storyboard; path = Main.storyboard; sourceTree = "<group>"; };
/* End PBXFileReference section */

/* Begin PBXFrameworksBuildPhase section */
		A353193724DAFA8700210729 /* Frameworks */ = {
			isa = PBXFrameworksBuildPhase;
			buildActionMask = 2147483647;
			files = (
			);
			runOnlyForDeploymentPostprocessing = 0;
		};
/* End PBXFrameworksBuildPhase section */

/* Begin PBXGroup section */
		A353193124DAFA8700210729 = {
			isa = PBXGroup;
			children = (
				A353193C24DAFA8700210729 /* BMI Calculator */,
				A353193B24DAFA8700210729 /* Products */,
			);
			sourceTree = "<group>";
		};
		A353193B24DAFA8700210729 /* Products */ = {
			isa = PBXGroup;
			children = (
				A353193A24DAFA8700210729 /* BMI Calculator.app */,
			);
			name = Products;
			sourceTree = "<group>";
		};
		A353193C24DAFA8700210729 /* BMI Calculator */ = {
			isa = PBXGroup;
			children = (
				A353195424DAFC4D00210729 /* Model */,
				A353195524DAFC5E00210729 /* View */,
				A353195624DAFC6700210729 /* Controller */,
				A353193D24DAFA8700210729 /* AppDelegate.swift */,
				A353193F24DAFA8700210729 /* SceneDelegate.swift */,
				A353194924DAFA8C00210729 /* Assets.xcassets */,
				A353194B24DAFA8C00210729 /* LaunchScreen.storyboard */,
				A353194E24DAFA8C00210729 /* Info.plist */,
			);
			path = "BMI Calculator";
			sourceTree = "<group>";
		};
		A353195424DAFC4D00210729 /* Model */ = {
			isa = PBXGroup;
			children = (
				A353195724DAFC9600210729 /* CalculatorBrain.swift */,
				A353195924DAFCAB00210729 /* BMI.swift */,
			);
			path = Model;
			sourceTree = "<group>";
		};
		A353195524DAFC5E00210729 /* View */ = {
			isa = PBXGroup;
			children = (
				A353195F24DAFDA400210729 /* Main.storyboard */,
			);
			path = View;
			sourceTree = "<group>";
		};
		A353195624DAFC6700210729 /* Controller */ = {
			isa = PBXGroup;
			children = (
				A353195B24DAFCC600210729 /* ResultViewController.swift */,
				A353195D24DAFCDF00210729 /* CalculateViewController.swift */,
			);
			path = Controller;
			sourceTree = "<group>";
		};
/* End PBXGroup section */

/* Begin PBXNativeTarget section */
		A353193924DAFA8700210729 /* BMI Calculator */ = {
			isa = PBXNativeTarget;
			buildConfigurationList = A353195124DAFA8C00210729 /* Build configuration list for PBXNativeTarget "BMI Calculator" */;
			buildPhases = (
				A353193624DAFA8700210729 /* Sources */,
				A353193724DAFA8700210729 /* Frameworks */,
				A353193824DAFA8700210729 /* Resources */,
			);
			buildRules = (
			);
			dependencies = (
			);
			name = "BMI Calculator";
			productName = "BMI Calculator";
			productReference = A353193A24DAFA8700210729 /* BMI Calculator.app */;
			productType = "com.apple.product-type.application";
		};
/* End PBXNativeTarget section */

/* Begin PBXProject section */
		A353193224DAFA8700210729 /* Project object */ = {
			isa = PBXProject;
			attributes = {
				LastSwiftUpdateCheck = 1150;
				LastUpgradeCheck = 1150;
				ORGANIZATIONNAME = "Mirana Anwar";
				TargetAttributes = {
					A353193924DAFA8700210729 = {
						CreatedOnToolsVersion = 11.5;
					};
				};
			};
			buildConfigurationList = A353193524DAFA8700210729 /* Build configuration list for PBXProject "BMI Calculator" */;
			compatibilityVersion = "Xcode 9.3";
			developmentRegion = en;
			hasScannedForEncodings = 0;
			knownRegions = (
				en,
				Base,
			);
			mainGroup = A353193124DAFA8700210729;
			productRefGroup = A353193B24DAFA8700210729 /* Products */;
			projectDirPath = "";
			projectRoot = "";
			targets = (
				A353193924DAFA8700210729 /* BMI Calculator */,
			);
		};
/* End PBXProject section */

/* Begin PBXResourcesBuildPhase section */
		A353193824DAFA8700210729 /* Resources */ = {
			isa = PBXResourcesBuildPhase;
			buildActionMask = 2147483647;
			files = (
				A353194D24DAFA8C00210729 /* LaunchScreen.storyboard in Resources */,
				A353194A24DAFA8C00210729 /* Assets.xcassets in Resources */,
				A353196024DAFDA400210729 /* Main.storyboard in Resources */,
			);
			runOnlyForDeploymentPostprocessing = 0;
		};
/* End PBXResourcesBuildPhase section */

/* Begin PBXSourcesBuildPhase section */
		A353193624DAFA8700210729 /* Sources */ = {
			isa = PBXSourcesBuildPhase;
			buildActionMask = 2147483647;
			files = (
				A353195C24DAFCC600210729 /* ResultViewController.swift in Sources */,
				A353193E24DAFA8700210729 /* AppDelegate.swift in Sources */,
				A353195824DAFC9600210729 /* CalculatorBrain.swift in Sources */,
				A353195E24DAFCDF00210729 /* CalculateViewController.swift in Sources */,
				A353195A24DAFCAB00210729 /* BMI.swift in Sources */,
				A353194024DAFA8700210729 /* SceneDelegate.swift in Sources */,
			);
			runOnlyForDeploymentPostprocessing = 0;
		};
/* End PBXSourcesBuildPhase section */

/* Begin PBXVariantGroup section */
		A353194B24DAFA8C00210729 /* LaunchScreen.storyboard */ = {
			isa = PBXVariantGroup;
			children = (
				A353194C24DAFA8C00210729 /* Base */,
			);
			name = LaunchScreen.storyboard;
			sourceTree = "<group>";
		};
/* End PBXVariantGroup section */

/* Begin XCBuildConfiguration section */
		A353194F24DAFA8C00210729 /* Debug */ = {
			isa = XCBuildConfiguration;
			buildSettings = {
				ALWAYS_SEARCH_USER_PATHS = NO;
				CLANG_ANALYZER_NONNULL = YES;
				CLANG_ANALYZER_NUMBER_OBJECT_CONVERSION = YES_AGGRESSIVE;
				CLANG_CXX_LANGUAGE_STANDARD = "gnu++14";
				CLANG_CXX_LIBRARY = "libc++";
				CLANG_ENABLE_MODULES = YES;
				CLANG_ENABLE_OBJC_ARC = YES;
				CLANG_ENABLE_OBJC_WEAK = YES;
				CLANG_WARN_BLOCK_CAPTURE_AUTORELEASING = YES;
				CLANG_WARN_BOOL_CONVERSION = YES;
				CLANG_WARN_COMMA = YES;
				CLANG_WARN_CONSTANT_CONVERSION = YES;
				CLANG_WARN_DEPRECATED_OBJC_IMPLEMENTATIONS = YES;
				CLANG_WARN_DIRECT_OBJC_ISA_USAGE = YES_ERROR;
				CLANG_WARN_DOCUMENTATION_COMMENTS = YES;
				CLANG_WARN_EMPTY_BODY = YES;
				CLANG_WARN_ENUM_CONVERSION = YES;
				CLANG_WARN_INFINITE_RECURSION = YES;
				CLANG_WARN_INT_CONVERSION = YES;
				CLANG_WARN_NON_LITERAL_NULL_CONVERSION = YES;
				CLANG_WARN_OBJC_IMPLICIT_RETAIN_SELF = YES;
				CLANG_WARN_OBJC_LITERAL_CONVERSION = YES;
				CLANG_WARN_OBJC_ROOT_CLASS = YES_ERROR;
				CLANG_WARN_RANGE_LOOP_ANALYSIS = YES;
				CLANG_WARN_STRICT_PROTOTYPES = YES;
				CLANG_WARN_SUSPICIOUS_MOVE = YES;
				CLANG_WARN_UNGUARDED_AVAILABILITY = YES_AGGRESSIVE;
				CLANG_WARN_UNREACHABLE_CODE = YES;
				CLANG_WARN__DUPLICATE_METHOD_MATCH = YES;
				COPY_PHASE_STRIP = NO;
				DEBUG_INFORMATION_FORMAT = dwarf;
				ENABLE_STRICT_OBJC_MSGSEND = YES;
				ENABLE_TESTABILITY = YES;
				GCC_C_LANGUAGE_STANDARD = gnu11;
				GCC_DYNAMIC_NO_PIC = NO;
				GCC_NO_COMMON_BLOCKS = YES;
				GCC_OPTIMIZATION_LEVEL = 0;
				GCC_PREPROCESSOR_DEFINITIONS = (
					"DEBUG=1",
					"$(inherited)",
				);
				GCC_WARN_64_TO_32_BIT_CONVERSION = YES;
				GCC_WARN_ABOUT_RETURN_TYPE = YES_ERROR;
				GCC_WARN_UNDECLARED_SELECTOR = YES;
				GCC_WARN_UNINITIALIZED_AUTOS = YES_AGGRESSIVE;
				GCC_WARN_UNUSED_FUNCTION = YES;
				GCC_WARN_UNUSED_VARIABLE = YES;
				IPHONEOS_DEPLOYMENT_TARGET = 13.5;
				MTL_ENABLE_DEBUG_INFO = INCLUDE_SOURCE;
				MTL_FAST_MATH = YES;
				ONLY_ACTIVE_ARCH = YES;
				SDKROOT = iphoneos;
				SWIFT_ACTIVE_COMPILATION_CONDITIONS = DEBUG;
				SWIFT_OPTIMIZATION_LEVEL = "-Onone";
			};
			name = Debug;
		};
		A353195024DAFA8C00210729 /* Release */ = {
			isa = XCBuildConfiguration;
			buildSettings = {
				ALWAYS_SEARCH_USER_PATHS = NO;
				CLANG_ANALYZER_NONNULL = YES;
				CLANG_ANALYZER_NUMBER_OBJECT_CONVERSION = YES_AGGRESSIVE;
				CLANG_CXX_LANGUAGE_STANDARD = "gnu++14";
				CLANG_CXX_LIBRARY = "libc++";
				CLANG_ENABLE_MODULES = YES;
				CLANG_ENABLE_OBJC_ARC = YES;
				CLANG_ENABLE_OBJC_WEAK = YES;
				CLANG_WARN_BLOCK_CAPTURE_AUTORELEASING = YES;
				CLANG_WARN_BOOL_CONVERSION = YES;
				CLANG_WARN_COMMA = YES;
				CLANG_WARN_CONSTANT_CONVERSION = YES;
				CLANG_WARN_DEPRECATED_OBJC_IMPLEMENTATIONS = YES;
				CLANG_WARN_DIRECT_OBJC_ISA_USAGE = YES_ERROR;
				CLANG_WARN_DOCUMENTATION_COMMENTS = YES;
				CLANG_WARN_EMPTY_BODY = YES;
				CLANG_WARN_ENUM_CONVERSION = YES;
				CLANG_WARN_INFINITE_RECURSION = YES;
				CLANG_WARN_INT_CONVERSION = YES;
				CLANG_WARN_NON_LITERAL_NULL_CONVERSION = YES;
				CLANG_WARN_OBJC_IMPLICIT_RETAIN_SELF = YES;
				CLANG_WARN_OBJC_LITERAL_CONVERSION = YES;
				CLANG_WARN_OBJC_ROOT_CLASS = YES_ERROR;
				CLANG_WARN_RANGE_LOOP_ANALYSIS = YES;
				CLANG_WARN_STRICT_PROTOTYPES = YES;
				CLANG_WARN_SUSPICIOUS_MOVE = YES;
				CLANG_WARN_UNGUARDED_AVAILABILITY = YES_AGGRESSIVE;
				CLANG_WARN_UNREACHABLE_CODE = YES;
				CLANG_WARN__DUPLICATE_METHOD_MATCH = YES;
				COPY_PHASE_STRIP = NO;
				DEBUG_INFORMATION_FORMAT = "dwarf-with-dsym";
				ENABLE_NS_ASSERTIONS = NO;
				ENABLE_STRICT_OBJC_MSGSEND = YES;
				GCC_C_LANGUAGE_STANDARD = gnu11;
				GCC_NO_COMMON_BLOCKS = YES;
				GCC_WARN_64_TO_32_BIT_CONVERSION = YES;
				GCC_WARN_ABOUT_RETURN_TYPE = YES_ERROR;
				GCC_WARN_UNDECLARED_SELECTOR = YES;
				GCC_WARN_UNINITIALIZED_AUTOS = YES_AGGRESSIVE;
				GCC_WARN_UNUSED_FUNCTION = YES;
				GCC_WARN_UNUSED_VARIABLE = YES;
				IPHONEOS_DEPLOYMENT_TARGET = 13.5;
				MTL_ENABLE_DEBUG_INFO = NO;
				MTL_FAST_MATH = YES;
				SDKROOT = iphoneos;
				SWIFT_COMPILATION_MODE = wholemodule;
				SWIFT_OPTIMIZATION_LEVEL = "-O";
				VALIDATE_PRODUCT = YES;
			};
			name = Release;
		};
		A353195224DAFA8C00210729 /* Debug */ = {
			isa = XCBuildConfiguration;
			buildSettings = {
				ASSETCATALOG_COMPILER_APPICON_NAME = AppIcon;
				CODE_SIGN_STYLE = Automatic;
				INFOPLIST_FILE = "BMI Calculator/Info.plist";
				LD_RUNPATH_SEARCH_PATHS = (
					"$(inherited)",
					"@executable_path/Frameworks",
				);
				PRODUCT_BUNDLE_IDENTIFIER = "com.mirana.BMI-Calculator";
				PRODUCT_NAME = "$(TARGET_NAME)";
				SWIFT_VERSION = 5.0;
				TARGETED_DEVICE_FAMILY = "1,2";
			};
			name = Debug;
		};
		A353195324DAFA8C00210729 /* Release */ = {
			isa = XCBuildConfiguration;
			buildSettings = {
				ASSETCATALOG_COMPILER_APPICON_NAME = AppIcon;
				CODE_SIGN_STYLE = Automatic;
				INFOPLIST_FILE = "BMI Calculator/Info.plist";
				LD_RUNPATH_SEARCH_PATHS = (
					"$(inherited)",
					"@executable_path/Frameworks",
				);
				PRODUCT_BUNDLE_IDENTIFIER = "com.mirana.BMI-Calculator";
				PRODUCT_NAME = "$(TARGET_NAME)";
				SWIFT_VERSION = 5.0;
				TARGETED_DEVICE_FAMILY = "1,2";
			};
			name = Release;
		};
/* End XCBuildConfiguration section */

/* Begin XCConfigurationList section */
		A353193524DAFA8700210729 /* Build configuration list for PBXProject "BMI Calculator" */ = {
			isa = XCConfigurationList;
			buildConfigurations = (
				A353194F24DAFA8C00210729 /* Debug */,
				A353195024DAFA8C00210729 /* Release */,
			);
			defaultConfigurationIsVisible = 0;
			defaultConfigurationName = Release;
		};
		A353195124DAFA8C00210729 /* Build configuration list for PBXNativeTarget "BMI Calculator" */ = {
			isa = XCConfigurationList;
			buildConfigurations = (
				A353195224DAFA8C00210729 /* Debug */,
				A353195324DAFA8C00210729 /* Release */,
			);
			defaultConfigurationIsVisible = 0;
			defaultConfigurationName = Release;
		};
/* End XCConfigurationList section */
	};
	rootObject = A353193224DAFA8700210729 /* Project object */;
}
